
Microsoft Visual Studio Solution File, Format Version 12.00
# Visual Studio Version 17
VisualStudioVersion = 17.0.31903.59
MinimumVisualStudioVersion = 10.0.40219.1
Project("{2150E333-8FDC-42A3-9474-1A3956D46DE8}") = "Solution Items", "Solution Items", "{AFA07ADD-2631-4E37-957A-F59C58E32F2B}"
	ProjectSection(SolutionItems) = preProject
		delivery-plan.md = delivery-plan.md
		images\architecture.png = images\architecture.png
		images\class-diagram-services.png = images\class-diagram-services.png
		images\diagrams.drawio = images\diagrams.drawio
		images\sitemap.png = images\sitemap.png
		images\solution-design.png = images\solution-design.png
		README.md = README.md
		software-architecture.md = software-architecture.md
		solution-requirements.md = solution-requirements.md
		user-stories.md = user-stories.md
	EndProjectSection
EndProject
Project("{FAE04EC0-301F-11D3-BF4B-00C04F79EFBC}") = "TodoListApp.WebApi", "TodoListApp.WebApi\TodoListApp.WebApi.csproj", "{1F6CA9AD-0867-4C5C-8A3D-EEF0256AF919}"
EndProject
Project("{FAE04EC0-301F-11D3-BF4B-00C04F79EFBC}") = "TodoListApp.WebApp", "TodoListApp.WebApp\TodoListApp.WebApp.csproj", "{1EE86C4C-8D7D-4D60-A807-D167E4B2C3A8}"
EndProject
Project("{FAE04EC0-301F-11D3-BF4B-00C04F79EFBC}") = "TodoListApp.Domain", "TodoListApp.Domain\TodoListApp.Domain.csproj", "{478B0501-E508-4D8F-B39C-93919C6DDE70}"
EndProject
Project("{FAE04EC0-301F-11D3-BF4B-00C04F79EFBC}") = "TodoListApp.Data", "TodoListApp.Data\TodoListApp.Data.csproj", "{18F35067-65AE-477D-A7D1-2E47A3301237}"
EndProject
Project("{FAE04EC0-301F-11D3-BF4B-00C04F79EFBC}") = "TodoListApp.Services", "TodoListApp.Services\TodoListApp.Services.csproj", "{FE1EA199-96E2-4B4D-A47B-73ED625DE407}"
EndProject

Global
	GlobalSection(SolutionConfigurationPlatforms) = preSolution
		Debug|Any CPU = Debug|Any CPU
		Debug|x64 = Debug|x64
		Debug|x86 = Debug|x86
		Release|Any CPU = Release|Any CPU
		Release|x64 = Release|x64
		Release|x86 = Release|x86
	EndGlobalSection
	GlobalSection(ProjectConfigurationPlatforms) = postSolution
		{1F6CA9AD-0867-4C5C-8A3D-EEF0256AF919}.Debug|Any CPU.ActiveCfg = Debug|Any CPU
		{1F6CA9AD-0867-4C5C-8A3D-EEF0256AF919}.Debug|Any CPU.Build.0 = Debug|Any CPU
		{1F6CA9AD-0867-4C5C-8A3D-EEF0256AF919}.Debug|x64.ActiveCfg = Debug|Any CPU
		{1F6CA9AD-0867-4C5C-8A3D-EEF0256AF919}.Debug|x64.Build.0 = Debug|Any CPU
		{1F6CA9AD-0867-4C5C-8A3D-EEF0256AF919}.Debug|x86.ActiveCfg = Debug|Any CPU
		{1F6CA9AD-0867-4C5C-8A3D-EEF0256AF919}.Debug|x86.Build.0 = Debug|Any CPU
		{1F6CA9AD-0867-4C5C-8A3D-EEF0256AF919}.Release|Any CPU.ActiveCfg = Release|Any CPU
		{1F6CA9AD-0867-4C5C-8A3D-EEF0256AF919}.Release|Any CPU.Build.0 = Release|Any CPU
		{1F6CA9AD-0867-4C5C-8A3D-EEF0256AF919}.Release|x64.ActiveCfg = Release|Any CPU
		{1F6CA9AD-0867-4C5C-8A3D-EEF0256AF919}.Release|x64.Build.0 = Release|Any CPU
		{1F6CA9AD-0867-4C5C-8A3D-EEF0256AF919}.Release|x86.ActiveCfg = Release|Any CPU
		{1F6CA9AD-0867-4C5C-8A3D-EEF0256AF919}.Release|x86.Build.0 = Release|Any CPU
		{1EE86C4C-8D7D-4D60-A807-D167E4B2C3A8}.Debug|Any CPU.ActiveCfg = Debug|Any CPU
		{1EE86C4C-8D7D-4D60-A807-D167E4B2C3A8}.Debug|Any CPU.Build.0 = Debug|Any CPU
		{1EE86C4C-8D7D-4D60-A807-D167E4B2C3A8}.Debug|x64.ActiveCfg = Debug|Any CPU
		{1EE86C4C-8D7D-4D60-A807-D167E4B2C3A8}.Debug|x64.Build.0 = Debug|Any CPU
		{1EE86C4C-8D7D-4D60-A807-D167E4B2C3A8}.Debug|x86.ActiveCfg = Debug|Any CPU
		{1EE86C4C-8D7D-4D60-A807-D167E4B2C3A8}.Debug|x86.Build.0 = Debug|Any CPU
		{1EE86C4C-8D7D-4D60-A807-D167E4B2C3A8}.Release|Any CPU.ActiveCfg = Release|Any CPU
		{1EE86C4C-8D7D-4D60-A807-D167E4B2C3A8}.Release|Any CPU.Build.0 = Release|Any CPU
		{1EE86C4C-8D7D-4D60-A807-D167E4B2C3A8}.Release|x64.ActiveCfg = Release|Any CPU
		{1EE86C4C-8D7D-4D60-A807-D167E4B2C3A8}.Release|x64.Build.0 = Release|Any CPU
		{1EE86C4C-8D7D-4D60-A807-D167E4B2C3A8}.Release|x86.ActiveCfg = Release|Any CPU
		{1EE86C4C-8D7D-4D60-A807-D167E4B2C3A8}.Release|x86.Build.0 = Release|Any CPU
		{478B0501-E508-4D8F-B39C-93919C6DDE70}.Debug|Any CPU.ActiveCfg = Debug|Any CPU
		{478B0501-E508-4D8F-B39C-93919C6DDE70}.Debug|Any CPU.Build.0 = Debug|Any CPU
		{478B0501-E508-4D8F-B39C-93919C6DDE70}.Debug|x64.ActiveCfg = Debug|Any CPU
		{478B0501-E508-4D8F-B39C-93919C6DDE70}.Debug|x64.Build.0 = Debug|Any CPU
		{478B0501-E508-4D8F-B39C-93919C6DDE70}.Debug|x86.ActiveCfg = Debug|Any CPU
		{478B0501-E508-4D8F-B39C-93919C6DDE70}.Debug|x86.Build.0 = Debug|Any CPU
		{478B0501-E508-4D8F-B39C-93919C6DDE70}.Release|Any CPU.ActiveCfg = Release|Any CPU
		{478B0501-E508-4D8F-B39C-93919C6DDE70}.Release|Any CPU.Build.0 = Release|Any CPU
		{478B0501-E508-4D8F-B39C-93919C6DDE70}.Release|x64.ActiveCfg = Release|Any CPU
		{478B0501-E508-4D8F-B39C-93919C6DDE70}.Release|x64.Build.0 = Release|Any CPU
		{478B0501-E508-4D8F-B39C-93919C6DDE70}.Release|x86.ActiveCfg = Release|Any CPU
		{478B0501-E508-4D8F-B39C-93919C6DDE70}.Release|x86.Build.0 = Release|Any CPU
		{18F35067-65AE-477D-A7D1-2E47A3301237}.Debug|Any CPU.ActiveCfg = Debug|Any CPU
		{18F35067-65AE-477D-A7D1-2E47A3301237}.Debug|Any CPU.Build.0 = Debug|Any CPU
		{18F35067-65AE-477D-A7D1-2E47A3301237}.Debug|x64.ActiveCfg = Debug|Any CPU
		{18F35067-65AE-477D-A7D1-2E47A3301237}.Debug|x64.Build.0 = Debug|Any CPU
		{18F35067-65AE-477D-A7D1-2E47A3301237}.Debug|x86.ActiveCfg = Debug|Any CPU
		{18F35067-65AE-477D-A7D1-2E47A3301237}.Debug|x86.Build.0 = Debug|Any CPU
		{18F35067-65AE-477D-A7D1-2E47A3301237}.Release|Any CPU.ActiveCfg = Release|Any CPU
		{18F35067-65AE-477D-A7D1-2E47A3301237}.Release|Any CPU.Build.0 = Release|Any CPU
		{18F35067-65AE-477D-A7D1-2E47A3301237}.Release|x64.ActiveCfg = Release|Any CPU
		{18F35067-65AE-477D-A7D1-2E47A3301237}.Release|x64.Build.0 = Release|Any CPU
		{18F35067-65AE-477D-A7D1-2E47A3301237}.Release|x86.ActiveCfg = Release|Any CPU
		{18F35067-65AE-477D-A7D1-2E47A3301237}.Release|x86.Build.0 = Release|Any CPU
		{FE1EA199-96E2-4B4D-A47B-73ED625DE407}.Debug|Any CPU.ActiveCfg = Debug|Any CPU
		{FE1EA199-96E2-4B4D-A47B-73ED625DE407}.Debug|Any CPU.Build.0 = Debug|Any CPU
		{FE1EA199-96E2-4B4D-A47B-73ED625DE407}.Debug|x64.ActiveCfg = Debug|Any CPU
		{FE1EA199-96E2-4B4D-A47B-73ED625DE407}.Debug|x64.Build.0 = Debug|Any CPU
		{FE1EA199-96E2-4B4D-A47B-73ED625DE407}.Debug|x86.ActiveCfg = Debug|Any CPU
		{FE1EA199-96E2-4B4D-A47B-73ED625DE407}.Debug|x86.Build.0 = Debug|Any CPU
		{FE1EA199-96E2-4B4D-A47B-73ED625DE407}.Release|Any CPU.ActiveCfg = Release|Any CPU
		{FE1EA199-96E2-4B4D-A47B-73ED625DE407}.Release|Any CPU.Build.0 = Release|Any CPU
		{FE1EA199-96E2-4B4D-A47B-73ED625DE407}.Release|x64.ActiveCfg = Release|Any CPU
		{FE1EA199-96E2-4B4D-A47B-73ED625DE407}.Release|x64.Build.0 = Release|Any CPU
		{FE1EA199-96E2-4B4D-A47B-73ED625DE407}.Release|x86.ActiveCfg = Release|Any CPU
		{FE1EA199-96E2-4B4D-A47B-73ED625DE407}.Release|x86.Build.0 = Release|Any CPU

	EndGlobalSection
	GlobalSection(SolutionProperties) = preSolution
		HideSolutionNode = FALSE
	EndGlobalSection
	GlobalSection(ExtensibilityGlobals) = postSolution
		SolutionGuid = {71075FF6-34FF-4DFB-BBA7-7654CC357608}
	EndGlobalSection
EndGlobal
